
Microsoft Visual Studio Solution File, Format Version 12.00
# Visual Studio Version 16
VisualStudioVersion = 16.0.30413.136
MinimumVisualStudioVersion = 10.0.40219.1
Project("{FAE04EC0-301F-11D3-BF4B-00C04F79EFBC}") = "OrangehmrProject", "OrangehmrProject\OrangehmrProject.csproj", "{0295D632-A6F8-4B24-A53A-2C24DCEA2A2C}"
EndProject
Global
	GlobalSection(SolutionConfigurationPlatforms) = preSolution
		Debug|Any CPU = Debug|Any CPU
		Release|Any CPU = Release|Any CPU
	EndGlobalSection
	GlobalSection(ProjectConfigurationPlatforms) = postSolution
		{0295D632-A6F8-4B24-A53A-2C24DCEA2A2C}.Debug|Any CPU.ActiveCfg = Debug|Any CPU
		{0295D632-A6F8-4B24-A53A-2C24DCEA2A2C}.Debug|Any CPU.Build.0 = Debug|Any CPU
		{0295D632-A6F8-4B24-A53A-2C24DCEA2A2C}.Release|Any CPU.ActiveCfg = Release|Any CPU
		{0295D632-A6F8-4B24-A53A-2C24DCEA2A2C}.Release|Any CPU.Build.0 = Release|Any CPU
	EndGlobalSection
	GlobalSection(SolutionProperties) = preSolution
		HideSolutionNode = FALSE
	EndGlobalSection
	GlobalSection(ExtensibilityGlobals) = postSolution
		SolutionGuid = {8693FCDD-9C26-4FC2-8DAF-AD7E87C0D019}
	EndGlobalSection
EndGlobal
